
Microsoft Visual Studio Solution File, Format Version 12.00
# Visual Studio Version 17
VisualStudioVersion = 17.3.32922.545
MinimumVisualStudioVersion = 10.0.40219.1
Project("{FAE04EC0-301F-11D3-BF4B-00C04F79EFBC}") = "DiplomskiRad", "DiplomskiRad\DiplomskiRad.csproj", "{E20C91AC-8919-41BD-9BBE-A654FC3515DA}"
EndProject
Global
	GlobalSection(SolutionConfigurationPlatforms) = preSolution
		Debug|Any CPU = Debug|Any CPU
		Release|Any CPU = Release|Any CPU
	EndGlobalSection
	GlobalSection(ProjectConfigurationPlatforms) = postSolution
		{E20C91AC-8919-41BD-9BBE-A654FC3515DA}.Debug|Any CPU.ActiveCfg = Debug|Any CPU
		{E20C91AC-8919-41BD-9BBE-A654FC3515DA}.Debug|Any CPU.Build.0 = Debug|Any CPU
		{E20C91AC-8919-41BD-9BBE-A654FC3515DA}.Release|Any CPU.ActiveCfg = Release|Any CPU
		{E20C91AC-8919-41BD-9BBE-A654FC3515DA}.Release|Any CPU.Build.0 = Release|Any CPU
	EndGlobalSection
	GlobalSection(SolutionProperties) = preSolution
		HideSolutionNode = FALSE
	EndGlobalSection
	GlobalSection(ExtensibilityGlobals) = postSolution
		SolutionGuid = {854FBF79-AB50-4501-A515-5E30BA83201E}
	EndGlobalSection
EndGlobal
